
Microsoft Visual Studio Solution File, Format Version 12.00
# Visual Studio Version 17
VisualStudioVersion = 17.8.34330.188
MinimumVisualStudioVersion = 10.0.40219.1
Project("{9A19103F-16F7-4668-BE54-9A1E7A4F7556}") = "TR", "TR\TR.csproj", "{AB6F1728-EEAF-45E0-A4D6-FA3CE1AFD98E}"
EndProject
Project("{9A19103F-16F7-4668-BE54-9A1E7A4F7556}") = "TR.tests", "TR.tests\TR.tests.csproj", "{9B3140CF-F0A5-4142-98CB-DFE32881B5B5}"
EndProject
Project("{FAE04EC0-301F-11D3-BF4B-00C04F79EFBC}") = "MemoryTest", "MemoryTest\MemoryTest.csproj", "{A973E9E9-1A0F-4DE1-BAD0-8FAB2EB0389D}"
EndProject
Global
	GlobalSection(SolutionConfigurationPlatforms) = preSolution
		Debug|Any CPU = Debug|Any CPU
		Release|Any CPU = Release|Any CPU
	EndGlobalSection
	GlobalSection(ProjectConfigurationPlatforms) = postSolution
		{AB6F1728-EEAF-45E0-A4D6-FA3CE1AFD98E}.Debug|Any CPU.ActiveCfg = Debug|Any CPU
		{AB6F1728-EEAF-45E0-A4D6-FA3CE1AFD98E}.Debug|Any CPU.Build.0 = Debug|Any CPU
		{AB6F1728-EEAF-45E0-A4D6-FA3CE1AFD98E}.Release|Any CPU.ActiveCfg = Release|Any CPU
		{AB6F1728-EEAF-45E0-A4D6-FA3CE1AFD98E}.Release|Any CPU.Build.0 = Release|Any CPU
		{9B3140CF-F0A5-4142-98CB-DFE32881B5B5}.Debug|Any CPU.ActiveCfg = Debug|Any CPU
		{9B3140CF-F0A5-4142-98CB-DFE32881B5B5}.Debug|Any CPU.Build.0 = Debug|Any CPU
		{9B3140CF-F0A5-4142-98CB-DFE32881B5B5}.Release|Any CPU.ActiveCfg = Release|Any CPU
		{9B3140CF-F0A5-4142-98CB-DFE32881B5B5}.Release|Any CPU.Build.0 = Release|Any CPU
		{A973E9E9-1A0F-4DE1-BAD0-8FAB2EB0389D}.Debug|Any CPU.ActiveCfg = Debug|Any CPU
		{A973E9E9-1A0F-4DE1-BAD0-8FAB2EB0389D}.Debug|Any CPU.Build.0 = Debug|Any CPU
		{A973E9E9-1A0F-4DE1-BAD0-8FAB2EB0389D}.Release|Any CPU.ActiveCfg = Release|Any CPU
		{A973E9E9-1A0F-4DE1-BAD0-8FAB2EB0389D}.Release|Any CPU.Build.0 = Release|Any CPU
	EndGlobalSection
	GlobalSection(SolutionProperties) = preSolution
		HideSolutionNode = FALSE
	EndGlobalSection
	GlobalSection(ExtensibilityGlobals) = postSolution
		SolutionGuid = {D1756BE4-9580-4B07-9CA6-739931B49562}
	EndGlobalSection
EndGlobal
